
Microsoft Visual Studio Solution File, Format Version 12.00
# Visual Studio Version 17
VisualStudioVersion = 17.14.36705.20 d17.14
MinimumVisualStudioVersion = 10.0.40219.1
Project("{FAE04EC0-301F-11D3-BF4B-00C04F79EFBC}") = "cp_lab_12", "cp_lab_12\cp_lab_12.csproj", "{EF7BCF23-2FFA-4696-A5A1-2AFCEE87A36E}"
EndProject
Global
	GlobalSection(SolutionConfigurationPlatforms) = preSolution
		Debug|Any CPU = Debug|Any CPU
		Release|Any CPU = Release|Any CPU
	EndGlobalSection
	GlobalSection(ProjectConfigurationPlatforms) = postSolution
		{EF7BCF23-2FFA-4696-A5A1-2AFCEE87A36E}.Debug|Any CPU.ActiveCfg = Debug|Any CPU
		{EF7BCF23-2FFA-4696-A5A1-2AFCEE87A36E}.Debug|Any CPU.Build.0 = Debug|Any CPU
		{EF7BCF23-2FFA-4696-A5A1-2AFCEE87A36E}.Release|Any CPU.ActiveCfg = Release|Any CPU
		{EF7BCF23-2FFA-4696-A5A1-2AFCEE87A36E}.Release|Any CPU.Build.0 = Release|Any CPU
	EndGlobalSection
	GlobalSection(SolutionProperties) = preSolution
		HideSolutionNode = FALSE
	EndGlobalSection
	GlobalSection(ExtensibilityGlobals) = postSolution
		SolutionGuid = {6A82F1AF-55A6-45E1-8EC4-9F006A7ECA74}
	EndGlobalSection
EndGlobal
