
Microsoft Visual Studio Solution File, Format Version 12.00
# Visual Studio Version 17
VisualStudioVersion = 17.14.36511.14 d17.14
MinimumVisualStudioVersion = 10.0.40219.1
Project("{FAE04EC0-301F-11D3-BF4B-00C04F79EFBC}") = "cp_lab_8", "cp_lab_8\cp_lab_8.csproj", "{C50B40F9-DFC7-491F-8959-9B3F9BD0D8ED}"
EndProject
Global
	GlobalSection(SolutionConfigurationPlatforms) = preSolution
		Debug|Any CPU = Debug|Any CPU
		Release|Any CPU = Release|Any CPU
	EndGlobalSection
	GlobalSection(ProjectConfigurationPlatforms) = postSolution
		{C50B40F9-DFC7-491F-8959-9B3F9BD0D8ED}.Debug|Any CPU.ActiveCfg = Debug|Any CPU
		{C50B40F9-DFC7-491F-8959-9B3F9BD0D8ED}.Debug|Any CPU.Build.0 = Debug|Any CPU
		{C50B40F9-DFC7-491F-8959-9B3F9BD0D8ED}.Release|Any CPU.ActiveCfg = Release|Any CPU
		{C50B40F9-DFC7-491F-8959-9B3F9BD0D8ED}.Release|Any CPU.Build.0 = Release|Any CPU
	EndGlobalSection
	GlobalSection(SolutionProperties) = preSolution
		HideSolutionNode = FALSE
	EndGlobalSection
	GlobalSection(ExtensibilityGlobals) = postSolution
		SolutionGuid = {25D3D2D2-0052-491D-8327-C932E7874350}
	EndGlobalSection
EndGlobal
